// !$*UTF8*$!
{
	archiveVersion = 1;
	classes = {
	};
	objectVersion = 54;
	objects = {

/* Begin PBXBuildFile section */
		1498D2341E8E89220040F4C2 /* GeneratedPluginRegistrant.m in Sources */ = {isa = PBXBuildFile; fileRef = 1498D2331E8E89220040F4C2 /* GeneratedPluginRegistrant.m */; };
		AE7E00000000000000000001 /* AetherEngine in Frameworks */ = {isa = PBXBuildFile; productRef = AE7E00000000000000000003 /* AetherEngine */; };
		2431C9E3151C7449D0D1C0F4 /* Pods_Runner.framework in Frameworks */ = {isa = PBXBuildFile; fileRef = 63F2789C7C1DF3CD2B80A936 /* Pods_Runner.framework */; };
		3B3967161E833CAA004F5970 /* AppFrameworkInfo.plist in Resources */ = {isa = PBXBuildFile; fileRef = 3B3967151E833CAA004F5970 /* AppFrameworkInfo.plist */; };
		74858FAF1ED2DC5600515810 /* AppDelegate.swift in Sources */ = {isa = PBXBuildFile; fileRef = 74858FAE1ED2DC5600515810 /* AppDelegate.swift */; };
		A6C2F8E92FCB1A0000C0D3E1 /* SceneDelegate.swift in Sources */ = {isa = PBXBuildFile; fileRef = A6C2F8E82FCB1A0000C0D3E1 /* SceneDelegate.swift */; };
		C0D200000000000000000002 /* PiliNativeRootViewController.swift in Sources */ = {isa = PBXBuildFile; fileRef = C0D200000000000000000001 /* PiliNativeRootViewController.swift */; };
		C0D300000000000000000002 /* PiliNativePlayer.swift in Sources */ = {isa = PBXBuildFile; fileRef = C0D300000000000000000001 /* PiliNativePlayer.swift */; };
		C0D400000000000000000002 /* PiliNativeLocalization.swift in Sources */ = {isa = PBXBuildFile; fileRef = C0D400000000000000000001 /* PiliNativeLocalization.swift */; };
		C0D100000000000000000003 /* PiliNativeContainerViewController.m in Sources */ = {isa = PBXBuildFile; fileRef = C0D100000000000000000002 /* PiliNativeContainerViewController.m */; };
		97C146FC1CF9000F007C117D /* Main.storyboard in Resources */ = {isa = PBXBuildFile; fileRef = 97C146FA1CF9000F007C117D /* Main.storyboard */; };
		97C146FE1CF9000F007C117D /* Assets.xcassets in Resources */ = {isa = PBXBuildFile; fileRef = 97C146FD1CF9000F007C117D /* Assets.xcassets */; };
		97C147011CF9000F007C117D /* LaunchScreen.storyboard in Resources */ = {isa = PBXBuildFile; fileRef = 97C146FF1CF9000F007C117D /* LaunchScreen.storyboard */; };
		C0D400000000000000000003 /* Localizable.strings in Resources */ = {isa = PBXBuildFile; fileRef = C0D400000000000000000004 /* Localizable.strings */; };
		C0D400000000000000000005 /* InfoPlist.strings in Resources */ = {isa = PBXBuildFile; fileRef = C0D400000000000000000006 /* InfoPlist.strings */; };
		C71E4B775053220BBFDC52B9 /* PiliNativeDiagnosticLog.swift in Sources */ = {isa = PBXBuildFile; fileRef = 70B84B3B9B7F9B80083DDFFA /* PiliNativeDiagnosticLog.swift */; };
		E5E77A67F6531859AFAD1896 /* PiliNativeHTTPRangeReader.swift in Sources */ = {isa = PBXBuildFile; fileRef = D3FDE854C5B88092AC53795E /* PiliNativeHTTPRangeReader.swift */; };
		458A455BEC2F39EA1EFC4F38 /* PiliNativeFlutterPlayerSurface.swift in Sources */ = {isa = PBXBuildFile; fileRef = E8FF79C4D06885FE940EB1C7 /* PiliNativeFlutterPlayerSurface.swift */; };
		6D611A5A436A97449E00BDE1 /* PiliNativeDesign.swift in Sources */ = {isa = PBXBuildFile; fileRef = F7EB05D54946059F35F0ACD2 /* PiliNativeDesign.swift */; };
		5EE80F7077935D8868AB87F2 /* PiliNativePageChrome.swift in Sources */ = {isa = PBXBuildFile; fileRef = B9569F96A0866C5E8A2BB116 /* PiliNativePageChrome.swift */; };
		2DD4646E64627DDDE3DE6F23 /* PiliNativeFormChrome.swift in Sources */ = {isa = PBXBuildFile; fileRef = EB392DE19B7F2AF26F5EF80E /* PiliNativeFormChrome.swift */; };
		3D82EC9ADE5F7972C6940DBD /* PiliNativePanelChrome.swift in Sources */ = {isa = PBXBuildFile; fileRef = 73B6172CF703A43DF3EFEF26 /* PiliNativePanelChrome.swift */; };
		4D20EF43DAF254A6A822EB2F /* View+PiliChrome.swift in Sources */ = {isa = PBXBuildFile; fileRef = 7D3880DE7B414E1421131AD2 /* View+PiliChrome.swift */; };
		040A84D7CB4BCB3ABDA15A7F /* PiliBridgeValues.swift in Sources */ = {isa = PBXBuildFile; fileRef = 14351E5D231457A4EE82BFAB /* PiliBridgeValues.swift */; };
		3F5B65E4CA87B8090F2D9DF6 /* PiliNativeVideo.swift in Sources */ = {isa = PBXBuildFile; fileRef = 9153B970C760447D21F4654A /* PiliNativeVideo.swift */; };
		9499F3ABF6F0F7A69B525186 /* PiliVideoTransitionSource.swift in Sources */ = {isa = PBXBuildFile; fileRef = 50D2EED0FFA88671B4AA4D40 /* PiliVideoTransitionSource.swift */; };
		57A17206762F5C64EB4E5666 /* PiliNativeSearchView.swift in Sources */ = {isa = PBXBuildFile; fileRef = 58252B1EBC4CE9DBE2C8233A /* PiliNativeSearchView.swift */; };
		620298626231A8895C9B8B8E /* PiliNativeLoadingView.swift in Sources */ = {isa = PBXBuildFile; fileRef = 1154943959A0AA138C613FA9 /* PiliNativeLoadingView.swift */; };
		AE06323AF14C207EAE90D276 /* PiliNativeErrorView.swift in Sources */ = {isa = PBXBuildFile; fileRef = 439934FE0D77583DFBD517D1 /* PiliNativeErrorView.swift */; };
		A766855DD076D65FB77CA9AD /* PiliRemoteImage.swift in Sources */ = {isa = PBXBuildFile; fileRef = 7EB61B9041D1CD63EE17B789 /* PiliRemoteImage.swift */; };
		02AD4F49447B46B46B3114FC /* PiliNativeSearchViewState.swift in Sources */ = {isa = PBXBuildFile; fileRef = 9FD52C9D64C19486FBCC1699 /* PiliNativeSearchViewState.swift */; };
		8DBA8EAA2BA66A14E16572CE /* PiliBridgeValue.swift in Sources */ = {isa = PBXBuildFile; fileRef = 0D758D68DE7833EA3EF81573 /* PiliBridgeValue.swift */; };
		D7158898A6D2B20371F765E0 /* PiliBridgeMethodInvoker.swift in Sources */ = {isa = PBXBuildFile; fileRef = E2B13872212C101413227F15 /* PiliBridgeMethodInvoker.swift */; };
		5ABF2F3DE55D5414FE255ADC /* PiliFlutterMethodTransport.swift in Sources */ = {isa = PBXBuildFile; fileRef = 9502310A8C5B2A0CC5E850C6 /* PiliFlutterMethodTransport.swift */; };
		F6B8A25D5C0F042031679891 /* PiliSearchRepository.swift in Sources */ = {isa = PBXBuildFile; fileRef = 08B00D2CCFD7D4B9CAF83389 /* PiliSearchRepository.swift */; };
		27F43E30F31E07BC9E6F2AB2 /* PiliFlutterSearchRepository.swift in Sources */ = {isa = PBXBuildFile; fileRef = 8D9659B48F0D517D83780632 /* PiliFlutterSearchRepository.swift */; };
		7AC69F7CAF683449ED96B8A2 /* PiliNativeSearchModel.swift in Sources */ = {isa = PBXBuildFile; fileRef = 05E5DBF530AE7419F92A8238 /* PiliNativeSearchModel.swift */; };
		2A16612D7576B9BE2ADFEBBB /* PiliHTTPClient.swift in Sources */ = {isa = PBXBuildFile; fileRef = 1791ADF9F76E559ADD884435 /* PiliHTTPClient.swift */; };
		7F2E70768E0EE8D586C63F3F /* PiliURLSessionHTTPClient.swift in Sources */ = {isa = PBXBuildFile; fileRef = 22DD596E1422DD5985F6975F /* PiliURLSessionHTTPClient.swift */; };
		CCDF6F72B527EE3B6E579D1B /* PiliNativeSearchTrendingService.swift in Sources */ = {isa = PBXBuildFile; fileRef = CD2DA01E8CC2C8958820AE5D /* PiliNativeSearchTrendingService.swift */; };
		B32946FCFD92179A98FF98F8 /* PiliSearchTrendingDecoder.swift in Sources */ = {isa = PBXBuildFile; fileRef = 3CEC6567653BB052E3B5EB4D /* PiliSearchTrendingDecoder.swift */; };
		1523A39A01ADA1F6FD86A926 /* PiliHTTPRequestContext.swift in Sources */ = {isa = PBXBuildFile; fileRef = 1C41030C5583C3179EA46900 /* PiliHTTPRequestContext.swift */; };
		6140EA516800620689E5582D /* PiliFlutterHTTPRequestContextProvider.swift in Sources */ = {isa = PBXBuildFile; fileRef = C9FA15AA400AA5722B1D203E /* PiliFlutterHTTPRequestContextProvider.swift */; };
		1049E40EB60E9CF6E011597B /* PiliHTTPRequestContextBridgeCodec.swift in Sources */ = {isa = PBXBuildFile; fileRef = 6FED43C9A9D81C1F710CE3BF /* PiliHTTPRequestContextBridgeCodec.swift */; };
		FAA9C9A1E69D5D3ED7DD0164 /* PiliBridgeLeaseFinalizer.swift in Sources */ = {isa = PBXBuildFile; fileRef = E76A0A81333EAAE84F5AE950 /* PiliBridgeLeaseFinalizer.swift */; };
		B540614F81281E429449648A /* PiliURLSessionHTTPTransfer.swift in Sources */ = {isa = PBXBuildFile; fileRef = 61B14D89A016F450D5FF2B22 /* PiliURLSessionHTTPTransfer.swift */; };
		2F018D6E62AF809D1FC05FF4 /* PiliHTTPRequestHeaderFinalizer.swift in Sources */ = {isa = PBXBuildFile; fileRef = 56403E1F9C7AC1660FC87B1F /* PiliHTTPRequestHeaderFinalizer.swift */; };
		1CCAF0391ADB607CFD70E814 /* PiliPreparedHTTPPolicy.swift in Sources */ = {isa = PBXBuildFile; fileRef = 4F4369F6CD10DD5576171FD3 /* PiliPreparedHTTPPolicy.swift */; };
		8A6F6F41731FB1CF1EC22947 /* PiliPreparedHTTPPolicyCodec.swift in Sources */ = {isa = PBXBuildFile; fileRef = 24C25F9BA2B791DB32F26C0C /* PiliPreparedHTTPPolicyCodec.swift */; };
		ED998B24B0EB7594B34C28EC /* PiliHTTPPolicyCapability.swift in Sources */ = {isa = PBXBuildFile; fileRef = 12C66906E5A2FD55A74B2A46 /* PiliHTTPPolicyCapability.swift */; };
		0F9D5D62ADEC8C333152CEE3 /* PiliPreparedHTTPRequestExecutor.swift in Sources */ = {isa = PBXBuildFile; fileRef = F08C2CCC3104A978C5D076FF /* PiliPreparedHTTPRequestExecutor.swift */; };
		0B215615A50D1A502CEE1D27 /* PiliRawHTTPClient.swift in Sources */ = {isa = PBXBuildFile; fileRef = 1B1B89395D20BBFE6F2772CC /* PiliRawHTTPClient.swift */; };
		CF02D4512CE5EF6B8C04712D /* PiliHTTPTransport in Frameworks */ = {isa = PBXBuildFile; productRef = 57DAA2A048946F1A27BFB802 /* PiliHTTPTransport */; };
		B2007F7337610B1A1A4BC170 /* PiliNativeSigner.swift in Sources */ = {isa = PBXBuildFile; fileRef = 3B675A2F6F5456C5D5B0EC55 /* PiliNativeSigner.swift */; };
		26D0B01CC5781A76CCE83361 /* PiliWBIKeyProvider.swift in Sources */ = {isa = PBXBuildFile; fileRef = EA4DB28013F6CEA600E4B528 /* PiliWBIKeyProvider.swift */; };
		70F0FC420834BF5387E5958C /* PiliAccountRepository.swift in Sources */ = {isa = PBXBuildFile; fileRef = 4ECB985E2FA8FD588F4CFF8C /* PiliAccountRepository.swift */; };
		0A22E1A436618D14ECB7D6E5 /* PiliAccountSnapshotBridgeCodec.swift in Sources */ = {isa = PBXBuildFile; fileRef = 135BB5F4B652128F4D42EB9C /* PiliAccountSnapshotBridgeCodec.swift */; };
		2A25326AF9CAC9DB0D556161 /* PiliAccountFlutterRepository.swift in Sources */ = {isa = PBXBuildFile; fileRef = C36E25B49F6BAE87008C5D72 /* PiliAccountFlutterRepository.swift */; };
		F1387E7B86E2FCAEBABBB5F0 /* PiliAccountStagingBridgeCodec.swift in Sources */ = {isa = PBXBuildFile; fileRef = 8A8AA1D63495F012D864BEB8 /* PiliAccountStagingBridgeCodec.swift */; };
		ECEE5CEF1D88BA5AE13322A3 /* PiliAccountSecretStore.swift in Sources */ = {isa = PBXBuildFile; fileRef = D42F8AA867A46A8C1630B757 /* PiliAccountSecretStore.swift */; };
		6BDC5839037D127C4A41C113 /* PiliAccountStagingStore.swift in Sources */ = {isa = PBXBuildFile; fileRef = 12F1F2B18C2AA05D548C69AF /* PiliAccountStagingStore.swift */; };
		DCAA2748FC9434D8C69A10B7 /* PiliLoginRepository.swift in Sources */ = {isa = PBXBuildFile; fileRef = DC231000E29C8E298D9FD9AF /* PiliLoginRepository.swift */; };
		D2633E10F8AADF6722FE3034 /* PiliLoginRequestBuilder.swift in Sources */ = {isa = PBXBuildFile; fileRef = F5848E5964580028F4135A3C /* PiliLoginRequestBuilder.swift */; };
		9DB122A7CCAEEED17F511DF0 /* PiliLoginResponseDecoder.swift in Sources */ = {isa = PBXBuildFile; fileRef = 1B9A2B33A48BB2F1E8D813F2 /* PiliLoginResponseDecoder.swift */; };
		A0BDE5A2FC437531B21203D1 /* PiliNativeLoginRepository.swift in Sources */ = {isa = PBXBuildFile; fileRef = 47AAC82C9E88441D4256975B /* PiliNativeLoginRepository.swift */; };
		DF8FE916C94415EEBAB987F5 /* PiliLoginRSAEncryptor.swift in Sources */ = {isa = PBXBuildFile; fileRef = 45149A0B16EBDB1AA9C6800A /* PiliLoginRSAEncryptor.swift */; };
		485A3A0A3644CCB4CB6655D8 /* PiliLoginLogoutService.swift in Sources */ = {isa = PBXBuildFile; fileRef = 1A79082ECD7D2FE776CAFFC5 /* PiliLoginLogoutService.swift */; };
		558186E34EE0F7CBE93DBFBF /* PiliFlutterLoginAccountAuthority.swift in Sources */ = {isa = PBXBuildFile; fileRef = 7FB8A184F6F5D8ADB3B38C02 /* PiliFlutterLoginAccountAuthority.swift */; };
		33982DD3F5CBECA4B989D39D /* PiliLoginSession.swift in Sources */ = {isa = PBXBuildFile; fileRef = 674D9B339C34E7BD2914A243 /* PiliLoginSession.swift */; };
		46EC3D089DAE46AA88E9335D /* PiliGeetestWebSession.swift in Sources */ = {isa = PBXBuildFile; fileRef = 1B11764BAE1A6570ED07DEF6 /* PiliGeetestWebSession.swift */; };
/* End PBXBuildFile section */

/* Begin PBXCopyFilesBuildPhase section */
		9705A1C41CF9048500538489 /* Embed Frameworks */ = {
			isa = PBXCopyFilesBuildPhase;
			buildActionMask = 2147483647;
			dstPath = "";
			dstSubfolderSpec = 10;
			files = (
			);
			name = "Embed Frameworks";
			runOnlyForDeploymentPostprocessing = 0;
		};
/* End PBXCopyFilesBuildPhase section */

/* Begin PBXFileReference section */
		1498D2321E8E86230040F4C2 /* GeneratedPluginRegistrant.h */ = {isa = PBXFileReference; lastKnownFileType = sourcecode.c.h; path = GeneratedPluginRegistrant.h; sourceTree = "<group>"; };
		1498D2331E8E89220040F4C2 /* GeneratedPluginRegistrant.m */ = {isa = PBXFileReference; fileEncoding = 4; lastKnownFileType = sourcecode.c.objc; path = GeneratedPluginRegistrant.m; sourceTree = "<group>"; };
		32E2926120A1A8DC0E629BC6 /* Pods-Runner.profile.xcconfig */ = {isa = PBXFileReference; includeInIndex = 1; lastKnownFileType = text.xcconfig; name = "Pods-Runner.profile.xcconfig"; path = "Target Support Files/Pods-Runner/Pods-Runner.profile.xcconfig"; sourceTree = "<group>"; };
		3B3967151E833CAA004F5970 /* AppFrameworkInfo.plist */ = {isa = PBXFileReference; fileEncoding = 4; lastKnownFileType = text.plist.xml; name = AppFrameworkInfo.plist; path = Flutter/AppFrameworkInfo.plist; sourceTree = "<group>"; };
		3DA6FBBC55FDD1E3261D6D67 /* Pods-Runner.release.xcconfig */ = {isa = PBXFileReference; includeInIndex = 1; lastKnownFileType = text.xcconfig; name = "Pods-Runner.release.xcconfig"; path = "Target Support Files/Pods-Runner/Pods-Runner.release.xcconfig"; sourceTree = "<group>"; };
		51DB54E5BB66F8608325A082 /* Pods-Runner.debug.xcconfig */ = {isa = PBXFileReference; includeInIndex = 1; lastKnownFileType = text.xcconfig; name = "Pods-Runner.debug.xcconfig"; path = "Target Support Files/Pods-Runner/Pods-Runner.debug.xcconfig"; sourceTree = "<group>"; };
		63F2789C7C1DF3CD2B80A936 /* Pods_Runner.framework */ = {isa = PBXFileReference; explicitFileType = wrapper.framework; includeInIndex = 0; path = Pods_Runner.framework; sourceTree = BUILT_PRODUCTS_DIR; };
		74858FAD1ED2DC5600515810 /* Runner-Bridging-Header.h */ = {isa = PBXFileReference; lastKnownFileType = sourcecode.c.h; path = "Runner-Bridging-Header.h"; sourceTree = "<group>"; };
		74858FAE1ED2DC5600515810 /* AppDelegate.swift */ = {isa = PBXFileReference; fileEncoding = 4; lastKnownFileType = sourcecode.swift; path = AppDelegate.swift; sourceTree = "<group>"; };
		A6C2F8E82FCB1A0000C0D3E1 /* SceneDelegate.swift */ = {isa = PBXFileReference; lastKnownFileType = sourcecode.swift; path = SceneDelegate.swift; sourceTree = "<group>"; };
		C0D200000000000000000001 /* PiliNativeRootViewController.swift */ = {isa = PBXFileReference; lastKnownFileType = sourcecode.swift; path = PiliNativeRootViewController.swift; sourceTree = "<group>"; };
		C0D300000000000000000001 /* PiliNativePlayer.swift */ = {isa = PBXFileReference; lastKnownFileType = sourcecode.swift; path = PiliNativePlayer.swift; sourceTree = "<group>"; };
		C0D400000000000000000001 /* PiliNativeLocalization.swift */ = {isa = PBXFileReference; lastKnownFileType = sourcecode.swift; path = PiliNativeLocalization.swift; sourceTree = "<group>"; };
		C0D400000000000000000007 /* en */ = {isa = PBXFileReference; lastKnownFileType = text.plist.strings; name = en; path = en.lproj/Localizable.strings; sourceTree = "<group>"; };
		C0D400000000000000000008 /* en */ = {isa = PBXFileReference; lastKnownFileType = text.plist.strings; name = en; path = en.lproj/InfoPlist.strings; sourceTree = "<group>"; };
		C0D400000000000000000009 /* zh-Hans */ = {isa = PBXFileReference; lastKnownFileType = text.plist.strings; name = "zh-Hans"; path = "zh-Hans.lproj/Localizable.strings"; sourceTree = "<group>"; };
		C0D40000000000000000000A /* zh-Hans */ = {isa = PBXFileReference; lastKnownFileType = text.plist.strings; name = "zh-Hans"; path = "zh-Hans.lproj/InfoPlist.strings"; sourceTree = "<group>"; };
		C0D100000000000000000001 /* PiliNativeContainerViewController.h */ = {isa = PBXFileReference; lastKnownFileType = sourcecode.c.h; path = PiliNativeContainerViewController.h; sourceTree = "<group>"; };
		C0D100000000000000000002 /* PiliNativeContainerViewController.m */ = {isa = PBXFileReference; lastKnownFileType = sourcecode.c.objc; path = PiliNativeContainerViewController.m; sourceTree = "<group>"; };
		7AFA3C8E1D35360C0083082E /* Release.xcconfig */ = {isa = PBXFileReference; lastKnownFileType = text.xcconfig; name = Release.xcconfig; path = Flutter/Release.xcconfig; sourceTree = "<group>"; };
		9740EEB21CF90195004384FC /* Debug.xcconfig */ = {isa = PBXFileReference; fileEncoding = 4; lastKnownFileType = text.xcconfig; name = Debug.xcconfig; path = Flutter/Debug.xcconfig; sourceTree = "<group>"; };
		9740EEB31CF90195004384FC /* Generated.xcconfig */ = {isa = PBXFileReference; fileEncoding = 4; lastKnownFileType = text.xcconfig; name = Generated.xcconfig; path = Flutter/Generated.xcconfig; sourceTree = "<group>"; };
		97C146EE1CF9000F007C117D /* Runner.app */ = {isa = PBXFileReference; explicitFileType = wrapper.application; includeInIndex = 0; path = Runner.app; sourceTree = BUILT_PRODUCTS_DIR; };
		97C146FB1CF9000F007C117D /* Base */ = {isa = PBXFileReference; lastKnownFileType = file.storyboard; name = Base; path = Base.lproj/Main.storyboard; sourceTree = "<group>"; };
		97C146FD1CF9000F007C117D /* Assets.xcassets */ = {isa = PBXFileReference; lastKnownFileType = folder.assetcatalog; path = Assets.xcassets; sourceTree = "<group>"; };
		97C147001CF9000F007C117D /* Base */ = {isa = PBXFileReference; lastKnownFileType = file.storyboard; name = Base; path = Base.lproj/LaunchScreen.storyboard; sourceTree = "<group>"; };
		97C147021CF9000F007C117D /* Info.plist */ = {isa = PBXFileReference; lastKnownFileType = text.plist.xml; path = Info.plist; sourceTree = "<group>"; };
		70B84B3B9B7F9B80083DDFFA /* PiliNativeDiagnosticLog.swift */ = {isa = PBXFileReference; lastKnownFileType = sourcecode.swift; path = PiliNativeDiagnosticLog.swift; sourceTree = "<group>"; };
		D3FDE854C5B88092AC53795E /* PiliNativeHTTPRangeReader.swift */ = {isa = PBXFileReference; lastKnownFileType = sourcecode.swift; path = PiliNativeHTTPRangeReader.swift; sourceTree = "<group>"; };
		E8FF79C4D06885FE940EB1C7 /* PiliNativeFlutterPlayerSurface.swift */ = {isa = PBXFileReference; lastKnownFileType = sourcecode.swift; path = PiliNativeFlutterPlayerSurface.swift; sourceTree = "<group>"; };
		F7EB05D54946059F35F0ACD2 /* PiliNativeDesign.swift */ = {isa = PBXFileReference; lastKnownFileType = sourcecode.swift; path = "PiliNativeDesign.swift"; sourceTree = "<group>"; };
		B9569F96A0866C5E8A2BB116 /* PiliNativePageChrome.swift */ = {isa = PBXFileReference; lastKnownFileType = sourcecode.swift; path = "PiliNativePageChrome.swift"; sourceTree = "<group>"; };
		EB392DE19B7F2AF26F5EF80E /* PiliNativeFormChrome.swift */ = {isa = PBXFileReference; lastKnownFileType = sourcecode.swift; path = "PiliNativeFormChrome.swift"; sourceTree = "<group>"; };
		73B6172CF703A43DF3EFEF26 /* PiliNativePanelChrome.swift */ = {isa = PBXFileReference; lastKnownFileType = sourcecode.swift; path = "PiliNativePanelChrome.swift"; sourceTree = "<group>"; };
		7D3880DE7B414E1421131AD2 /* View+PiliChrome.swift */ = {isa = PBXFileReference; lastKnownFileType = sourcecode.swift; path = "View+PiliChrome.swift"; sourceTree = "<group>"; };
		14351E5D231457A4EE82BFAB /* PiliBridgeValues.swift */ = {isa = PBXFileReference; lastKnownFileType = sourcecode.swift; path = "PiliBridgeValues.swift"; sourceTree = "<group>"; };
		9153B970C760447D21F4654A /* PiliNativeVideo.swift */ = {isa = PBXFileReference; lastKnownFileType = sourcecode.swift; path = PiliNativeVideo.swift; sourceTree = "<group>"; };
		50D2EED0FFA88671B4AA4D40 /* PiliVideoTransitionSource.swift */ = {isa = PBXFileReference; lastKnownFileType = sourcecode.swift; path = PiliVideoTransitionSource.swift; sourceTree = "<group>"; };
		58252B1EBC4CE9DBE2C8233A /* PiliNativeSearchView.swift */ = {isa = PBXFileReference; lastKnownFileType = sourcecode.swift; path = PiliNativeSearchView.swift; sourceTree = "<group>"; };
		1154943959A0AA138C613FA9 /* PiliNativeLoadingView.swift */ = {isa = PBXFileReference; lastKnownFileType = sourcecode.swift; path = PiliNativeLoadingView.swift; sourceTree = "<group>"; };
		439934FE0D77583DFBD517D1 /* PiliNativeErrorView.swift */ = {isa = PBXFileReference; lastKnownFileType = sourcecode.swift; path = PiliNativeErrorView.swift; sourceTree = "<group>"; };
		7EB61B9041D1CD63EE17B789 /* PiliRemoteImage.swift */ = {isa = PBXFileReference; lastKnownFileType = sourcecode.swift; path = PiliRemoteImage.swift; sourceTree = "<group>"; };
		9FD52C9D64C19486FBCC1699 /* PiliNativeSearchViewState.swift */ = {isa = PBXFileReference; lastKnownFileType = sourcecode.swift; path = PiliNativeSearchViewState.swift; sourceTree = "<group>"; };
		0D758D68DE7833EA3EF81573 /* PiliBridgeValue.swift */ = {isa = PBXFileReference; lastKnownFileType = sourcecode.swift; path = PiliBridgeValue.swift; sourceTree = "<group>"; };
		E2B13872212C101413227F15 /* PiliBridgeMethodInvoker.swift */ = {isa = PBXFileReference; lastKnownFileType = sourcecode.swift; path = PiliBridgeMethodInvoker.swift; sourceTree = "<group>"; };
		9502310A8C5B2A0CC5E850C6 /* PiliFlutterMethodTransport.swift */ = {isa = PBXFileReference; lastKnownFileType = sourcecode.swift; path = PiliFlutterMethodTransport.swift; sourceTree = "<group>"; };
		08B00D2CCFD7D4B9CAF83389 /* PiliSearchRepository.swift */ = {isa = PBXFileReference; lastKnownFileType = sourcecode.swift; path = PiliSearchRepository.swift; sourceTree = "<group>"; };
		8D9659B48F0D517D83780632 /* PiliFlutterSearchRepository.swift */ = {isa = PBXFileReference; lastKnownFileType = sourcecode.swift; path = PiliFlutterSearchRepository.swift; sourceTree = "<group>"; };
		05E5DBF530AE7419F92A8238 /* PiliNativeSearchModel.swift */ = {isa = PBXFileReference; lastKnownFileType = sourcecode.swift; path = PiliNativeSearchModel.swift; sourceTree = "<group>"; };
		1791ADF9F76E559ADD884435 /* PiliHTTPClient.swift */ = {isa = PBXFileReference; lastKnownFileType = sourcecode.swift; path = PiliHTTPClient.swift; sourceTree = "<group>"; };
		22DD596E1422DD5985F6975F /* PiliURLSessionHTTPClient.swift */ = {isa = PBXFileReference; lastKnownFileType = sourcecode.swift; path = PiliURLSessionHTTPClient.swift; sourceTree = "<group>"; };
		CD2DA01E8CC2C8958820AE5D /* PiliNativeSearchTrendingService.swift */ = {isa = PBXFileReference; lastKnownFileType = sourcecode.swift; path = PiliNativeSearchTrendingService.swift; sourceTree = "<group>"; };
		3CEC6567653BB052E3B5EB4D /* PiliSearchTrendingDecoder.swift */ = {isa = PBXFileReference; lastKnownFileType = sourcecode.swift; path = PiliSearchTrendingDecoder.swift; sourceTree = "<group>"; };
		1C41030C5583C3179EA46900 /* PiliHTTPRequestContext.swift */ = {isa = PBXFileReference; lastKnownFileType = sourcecode.swift; path = PiliHTTPRequestContext.swift; sourceTree = "<group>"; };
		C9FA15AA400AA5722B1D203E /* PiliFlutterHTTPRequestContextProvider.swift */ = {isa = PBXFileReference; lastKnownFileType = sourcecode.swift; path = PiliFlutterHTTPRequestContextProvider.swift; sourceTree = "<group>"; };
		6FED43C9A9D81C1F710CE3BF /* PiliHTTPRequestContextBridgeCodec.swift */ = {isa = PBXFileReference; lastKnownFileType = sourcecode.swift; path = PiliHTTPRequestContextBridgeCodec.swift; sourceTree = "<group>"; };
		E76A0A81333EAAE84F5AE950 /* PiliBridgeLeaseFinalizer.swift */ = {isa = PBXFileReference; lastKnownFileType = sourcecode.swift; path = PiliBridgeLeaseFinalizer.swift; sourceTree = "<group>"; };
		61B14D89A016F450D5FF2B22 /* PiliURLSessionHTTPTransfer.swift */ = {isa = PBXFileReference; lastKnownFileType = sourcecode.swift; path = PiliURLSessionHTTPTransfer.swift; sourceTree = "<group>"; };
		56403E1F9C7AC1660FC87B1F /* PiliHTTPRequestHeaderFinalizer.swift */ = {isa = PBXFileReference; lastKnownFileType = sourcecode.swift; path = PiliHTTPRequestHeaderFinalizer.swift; sourceTree = "<group>"; };
		4F4369F6CD10DD5576171FD3 /* PiliPreparedHTTPPolicy.swift */ = {isa = PBXFileReference; lastKnownFileType = sourcecode.swift; path = PiliPreparedHTTPPolicy.swift; sourceTree = "<group>"; };
		24C25F9BA2B791DB32F26C0C /* PiliPreparedHTTPPolicyCodec.swift */ = {isa = PBXFileReference; lastKnownFileType = sourcecode.swift; path = PiliPreparedHTTPPolicyCodec.swift; sourceTree = "<group>"; };
		12C66906E5A2FD55A74B2A46 /* PiliHTTPPolicyCapability.swift */ = {isa = PBXFileReference; lastKnownFileType = sourcecode.swift; path = PiliHTTPPolicyCapability.swift; sourceTree = "<group>"; };
		F08C2CCC3104A978C5D076FF /* PiliPreparedHTTPRequestExecutor.swift */ = {isa = PBXFileReference; lastKnownFileType = sourcecode.swift; path = PiliPreparedHTTPRequestExecutor.swift; sourceTree = "<group>"; };
		1B1B89395D20BBFE6F2772CC /* PiliRawHTTPClient.swift */ = {isa = PBXFileReference; lastKnownFileType = sourcecode.swift; path = PiliRawHTTPClient.swift; sourceTree = "<group>"; };
		3B675A2F6F5456C5D5B0EC55 /* PiliNativeSigner.swift */ = {isa = PBXFileReference; lastKnownFileType = sourcecode.swift; path = PiliNativeSigner.swift; sourceTree = "<group>"; };
		EA4DB28013F6CEA600E4B528 /* PiliWBIKeyProvider.swift */ = {isa = PBXFileReference; lastKnownFileType = sourcecode.swift; path = PiliWBIKeyProvider.swift; sourceTree = "<group>"; };
		4ECB985E2FA8FD588F4CFF8C /* PiliAccountRepository.swift */ = {isa = PBXFileReference; lastKnownFileType = sourcecode.swift; path = PiliAccountRepository.swift; sourceTree = "<group>"; };
		135BB5F4B652128F4D42EB9C /* PiliAccountSnapshotBridgeCodec.swift */ = {isa = PBXFileReference; lastKnownFileType = sourcecode.swift; path = PiliAccountSnapshotBridgeCodec.swift; sourceTree = "<group>"; };
		C36E25B49F6BAE87008C5D72 /* PiliAccountFlutterRepository.swift */ = {isa = PBXFileReference; lastKnownFileType = sourcecode.swift; path = PiliAccountFlutterRepository.swift; sourceTree = "<group>"; };
		8A8AA1D63495F012D864BEB8 /* PiliAccountStagingBridgeCodec.swift */ = {isa = PBXFileReference; lastKnownFileType = sourcecode.swift; path = PiliAccountStagingBridgeCodec.swift; sourceTree = "<group>"; };
		D42F8AA867A46A8C1630B757 /* PiliAccountSecretStore.swift */ = {isa = PBXFileReference; lastKnownFileType = sourcecode.swift; path = PiliAccountSecretStore.swift; sourceTree = "<group>"; };
		12F1F2B18C2AA05D548C69AF /* PiliAccountStagingStore.swift */ = {isa = PBXFileReference; lastKnownFileType = sourcecode.swift; path = PiliAccountStagingStore.swift; sourceTree = "<group>"; };
		DC231000E29C8E298D9FD9AF /* PiliLoginRepository.swift */ = {isa = PBXFileReference; lastKnownFileType = sourcecode.swift; path = PiliLoginRepository.swift; sourceTree = "<group>"; };
		F5848E5964580028F4135A3C /* PiliLoginRequestBuilder.swift */ = {isa = PBXFileReference; lastKnownFileType = sourcecode.swift; path = PiliLoginRequestBuilder.swift; sourceTree = "<group>"; };
		1B9A2B33A48BB2F1E8D813F2 /* PiliLoginResponseDecoder.swift */ = {isa = PBXFileReference; lastKnownFileType = sourcecode.swift; path = PiliLoginResponseDecoder.swift; sourceTree = "<group>"; };
		47AAC82C9E88441D4256975B /* PiliNativeLoginRepository.swift */ = {isa = PBXFileReference; lastKnownFileType = sourcecode.swift; path = PiliNativeLoginRepository.swift; sourceTree = "<group>"; };
		45149A0B16EBDB1AA9C6800A /* PiliLoginRSAEncryptor.swift */ = {isa = PBXFileReference; lastKnownFileType = sourcecode.swift; path = PiliLoginRSAEncryptor.swift; sourceTree = "<group>"; };
		1A79082ECD7D2FE776CAFFC5 /* PiliLoginLogoutService.swift */ = {isa = PBXFileReference; lastKnownFileType = sourcecode.swift; path = PiliLoginLogoutService.swift; sourceTree = "<group>"; };
		7FB8A184F6F5D8ADB3B38C02 /* PiliFlutterLoginAccountAuthority.swift */ = {isa = PBXFileReference; lastKnownFileType = sourcecode.swift; path = PiliFlutterLoginAccountAuthority.swift; sourceTree = "<group>"; };
		674D9B339C34E7BD2914A243 /* PiliLoginSession.swift */ = {isa = PBXFileReference; lastKnownFileType = sourcecode.swift; path = PiliLoginSession.swift; sourceTree = "<group>"; };
		1B11764BAE1A6570ED07DEF6 /* PiliGeetestWebSession.swift */ = {isa = PBXFileReference; lastKnownFileType = sourcecode.swift; path = PiliGeetestWebSession.swift; sourceTree = "<group>"; };
/* End PBXFileReference section */

/* Begin PBXFrameworksBuildPhase section */
		97C146EB1CF9000F007C117D /* Frameworks */ = {
			isa = PBXFrameworksBuildPhase;
			buildActionMask = 2147483647;
			files = (
				AE7E00000000000000000001 /* AetherEngine in Frameworks */,
				CF02D4512CE5EF6B8C04712D /* PiliHTTPTransport in Frameworks */,
				2431C9E3151C7449D0D1C0F4 /* Pods_Runner.framework in Frameworks */,
			);
			runOnlyForDeploymentPostprocessing = 0;
		};
/* End PBXFrameworksBuildPhase section */

/* Begin PBXGroup section */
		31399C6148E878051E614578 /* Frameworks */ = {
			isa = PBXGroup;
			children = (
				63F2789C7C1DF3CD2B80A936 /* Pods_Runner.framework */,
			);
			name = Frameworks;
			sourceTree = "<group>";
		};
		9740EEB11CF90186004384FC /* Flutter */ = {
			isa = PBXGroup;
			children = (
				3B3967151E833CAA004F5970 /* AppFrameworkInfo.plist */,
				9740EEB21CF90195004384FC /* Debug.xcconfig */,
				7AFA3C8E1D35360C0083082E /* Release.xcconfig */,
				9740EEB31CF90195004384FC /* Generated.xcconfig */,
			);
			name = Flutter;
			sourceTree = "<group>";
		};
		97C146E51CF9000F007C117D = {
			isa = PBXGroup;
			children = (
				9740EEB11CF90186004384FC /* Flutter */,
				97C146F01CF9000F007C117D /* Runner */,
				97C146EF1CF9000F007C117D /* Products */,
				EFBDDDF3F822865E6D1BB6D7 /* Pods */,
				31399C6148E878051E614578 /* Frameworks */,
			);
			sourceTree = "<group>";
		};
		97C146EF1CF9000F007C117D /* Products */ = {
			isa = PBXGroup;
			children = (
				97C146EE1CF9000F007C117D /* Runner.app */,
			);
			name = Products;
			sourceTree = "<group>";
		};
		97C146F01CF9000F007C117D /* Runner */ = {
			isa = PBXGroup;
			children = (
				97C146FA1CF9000F007C117D /* Main.storyboard */,
				97C146FD1CF9000F007C117D /* Assets.xcassets */,
				97C146FF1CF9000F007C117D /* LaunchScreen.storyboard */,
				97C147021CF9000F007C117D /* Info.plist */,
				C0D400000000000000000004 /* Localizable.strings */,
				C0D400000000000000000006 /* InfoPlist.strings */,
				1498D2321E8E86230040F4C2 /* GeneratedPluginRegistrant.h */,
				1498D2331E8E89220040F4C2 /* GeneratedPluginRegistrant.m */,
				74858FAE1ED2DC5600515810 /* AppDelegate.swift */,
				A6C2F8E82FCB1A0000C0D3E1 /* SceneDelegate.swift */,
				C0D400000000000000000001 /* PiliNativeLocalization.swift */,
				8CE5C8FE3101320DFB8A03DC /* Native */,
				C0D200000000000000000001 /* PiliNativeRootViewController.swift */,
				C0D300000000000000000001 /* PiliNativePlayer.swift */,
				C0D100000000000000000001 /* PiliNativeContainerViewController.h */,
				C0D100000000000000000002 /* PiliNativeContainerViewController.m */,
				74858FAD1ED2DC5600515810 /* Runner-Bridging-Header.h */,
			);
			path = Runner;
			sourceTree = "<group>";
		};
		EFBDDDF3F822865E6D1BB6D7 /* Pods */ = {
			isa = PBXGroup;
			children = (
				51DB54E5BB66F8608325A082 /* Pods-Runner.debug.xcconfig */,
				3DA6FBBC55FDD1E3261D6D67 /* Pods-Runner.release.xcconfig */,
				32E2926120A1A8DC0E629BC6 /* Pods-Runner.profile.xcconfig */,
			);
			path = Pods;
			sourceTree = "<group>";
		};
		8CE5C8FE3101320DFB8A03DC /* Native */ = {
			isa = PBXGroup;
			children = (
				67B309F84ECF03BEBD325DB6 /* Persistence */,
				1C4369FEE8B6786EF94AE699 /* Domain */,
				BBFAA65DC4BAE11B5A2171D0 /* Networking */,
				8B27EB6D10F8ABF893C8A9EA /* Data */,
				463022D16AAF0A411A6FD10B /* Features */,
				C8D81EE0F70D1FD606EAD9D8 /* Bridge */,
				B4699A207DA919C4F5129082 /* DesignSystem */,
				8F96307A54FD7DB8EFC7E9FB /* Player */,
			);
			path = Native;
			sourceTree = "<group>";
		};
		C8D81EE0F70D1FD606EAD9D8 /* Bridge */ = {
			isa = PBXGroup;
			children = (
				E76A0A81333EAAE84F5AE950 /* PiliBridgeLeaseFinalizer.swift */,
				0592CB5E6B585A3BE490437D /* Models */,
				0D758D68DE7833EA3EF81573 /* PiliBridgeValue.swift */,
				E2B13872212C101413227F15 /* PiliBridgeMethodInvoker.swift */,
				9502310A8C5B2A0CC5E850C6 /* PiliFlutterMethodTransport.swift */,
				14351E5D231457A4EE82BFAB /* PiliBridgeValues.swift */,
				E8FF79C4D06885FE940EB1C7 /* PiliNativeFlutterPlayerSurface.swift */,
			);
			path = Bridge;
			sourceTree = "<group>";
		};
		8F96307A54FD7DB8EFC7E9FB /* Player */ = {
			isa = PBXGroup;
			children = (
				F129352F7DBBF706B58B8D61 /* Diagnostics */,
				0C43596B7827FBE711C2BD86 /* IO */,
			);
			path = Player;
			sourceTree = "<group>";
		};
		F129352F7DBBF706B58B8D61 /* Diagnostics */ = {
			isa = PBXGroup;
			children = (
				70B84B3B9B7F9B80083DDFFA /* PiliNativeDiagnosticLog.swift */,
			);
			path = Diagnostics;
			sourceTree = "<group>";
		};
		0C43596B7827FBE711C2BD86 /* IO */ = {
			isa = PBXGroup;
			children = (
				D3FDE854C5B88092AC53795E /* PiliNativeHTTPRangeReader.swift */,
			);
			path = IO;
			sourceTree = "<group>";
		};
		B4699A207DA919C4F5129082 /* DesignSystem */ = {
			isa = PBXGroup;
			children = (
				90CD1BC21452C7958FFA94F6 /* Feedback */,
				FC61E9F609D6ED302A4BED22 /* Images */,
				D42F2B3119BCEA9FD49A0F64 /* Navigation */,
				F7EB05D54946059F35F0ACD2 /* PiliNativeDesign.swift */,
				B9569F96A0866C5E8A2BB116 /* PiliNativePageChrome.swift */,
				EB392DE19B7F2AF26F5EF80E /* PiliNativeFormChrome.swift */,
				73B6172CF703A43DF3EFEF26 /* PiliNativePanelChrome.swift */,
				7D3880DE7B414E1421131AD2 /* View+PiliChrome.swift */,
			);
			path = DesignSystem;
			sourceTree = "<group>";
		};
		463022D16AAF0A411A6FD10B /* Features */ = {
			isa = PBXGroup;
			children = (
				249F067C4BE62C26AC859AB2 /* Account */,
				2A6FB215DF27CE869417DA28 /* Search */,
			);
			path = Features;
			sourceTree = "<group>";
		};
		2A6FB215DF27CE869417DA28 /* Search */ = {
			isa = PBXGroup;
			children = (
				05E5DBF530AE7419F92A8238 /* PiliNativeSearchModel.swift */,
				58252B1EBC4CE9DBE2C8233A /* PiliNativeSearchView.swift */,
				9FD52C9D64C19486FBCC1699 /* PiliNativeSearchViewState.swift */,
			);
			path = Search;
			sourceTree = "<group>";
		};
		0592CB5E6B585A3BE490437D /* Models */ = {
			isa = PBXGroup;
			children = (
				9153B970C760447D21F4654A /* PiliNativeVideo.swift */,
			);
			path = Models;
			sourceTree = "<group>";
		};
		90CD1BC21452C7958FFA94F6 /* Feedback */ = {
			isa = PBXGroup;
			children = (
				1154943959A0AA138C613FA9 /* PiliNativeLoadingView.swift */,
				439934FE0D77583DFBD517D1 /* PiliNativeErrorView.swift */,
			);
			path = Feedback;
			sourceTree = "<group>";
		};
		FC61E9F609D6ED302A4BED22 /* Images */ = {
			isa = PBXGroup;
			children = (
				7EB61B9041D1CD63EE17B789 /* PiliRemoteImage.swift */,
			);
			path = Images;
			sourceTree = "<group>";
		};
		D42F2B3119BCEA9FD49A0F64 /* Navigation */ = {
			isa = PBXGroup;
			children = (
				50D2EED0FFA88671B4AA4D40 /* PiliVideoTransitionSource.swift */,
			);
			path = Navigation;
			sourceTree = "<group>";
		};
		1C4369FEE8B6786EF94AE699 /* Domain */ = {
			isa = PBXGroup;
			children = (
				AD3D38B47D9AD529507D5EA0 /* Login */,
				6C5E477A33DF5A252064DAE0 /* Accounts */,
				399C0B2B14E7230C6F9F99F3 /* Search */,
			);
			path = Domain;
			sourceTree = "<group>";
		};
		399C0B2B14E7230C6F9F99F3 /* Search */ = {
			isa = PBXGroup;
			children = (
				08B00D2CCFD7D4B9CAF83389 /* PiliSearchRepository.swift */,
			);
			path = Search;
			sourceTree = "<group>";
		};
		8B27EB6D10F8ABF893C8A9EA /* Data */ = {
			isa = PBXGroup;
			children = (
				AEF3C1C25E6A86AE09BDC49A /* Login */,
				1EABD6DB9DB9DF6EE109FB34 /* HTTP */,
				78B63C7D8759D502A411914B /* Accounts */,
				39B21B59271CD3B79CF16A05 /* Search */,
			);
			path = Data;
			sourceTree = "<group>";
		};
		39B21B59271CD3B79CF16A05 /* Search */ = {
			isa = PBXGroup;
			children = (
				CD2DA01E8CC2C8958820AE5D /* PiliNativeSearchTrendingService.swift */,
				3CEC6567653BB052E3B5EB4D /* PiliSearchTrendingDecoder.swift */,
				8D9659B48F0D517D83780632 /* PiliFlutterSearchRepository.swift */,
			);
			path = Search;
			sourceTree = "<group>";
		};
		BBFAA65DC4BAE11B5A2171D0 /* Networking */ = {
			isa = PBXGroup;
			children = (
				FE21F5CEC6BA1C8F2B9F5A0D /* Auth */,
				EE4C9E898589491CAA59202C /* HTTP */,
			);
			path = Networking;
			sourceTree = "<group>";
		};
		EE4C9E898589491CAA59202C /* HTTP */ = {
			isa = PBXGroup;
			children = (
				1B1B89395D20BBFE6F2772CC /* PiliRawHTTPClient.swift */,
				12C66906E5A2FD55A74B2A46 /* PiliHTTPPolicyCapability.swift */,
				61B14D89A016F450D5FF2B22 /* PiliURLSessionHTTPTransfer.swift */,
				4F4369F6CD10DD5576171FD3 /* PiliPreparedHTTPPolicy.swift */,
				24C25F9BA2B791DB32F26C0C /* PiliPreparedHTTPPolicyCodec.swift */,
				1791ADF9F76E559ADD884435 /* PiliHTTPClient.swift */,
				22DD596E1422DD5985F6975F /* PiliURLSessionHTTPClient.swift */,
			);
			path = HTTP;
			sourceTree = "<group>";
		};
		6C5E477A33DF5A252064DAE0 /* Accounts */ = {
			isa = PBXGroup;
			children = (
				4ECB985E2FA8FD588F4CFF8C /* PiliAccountRepository.swift */,
				1C41030C5583C3179EA46900 /* PiliHTTPRequestContext.swift */,
			);
			path = Accounts;
			sourceTree = "<group>";
		};
		78B63C7D8759D502A411914B /* Accounts */ = {
			isa = PBXGroup;
			children = (
				8A8AA1D63495F012D864BEB8 /* PiliAccountStagingBridgeCodec.swift */,
				C36E25B49F6BAE87008C5D72 /* PiliAccountFlutterRepository.swift */,
				135BB5F4B652128F4D42EB9C /* PiliAccountSnapshotBridgeCodec.swift */,
				56403E1F9C7AC1660FC87B1F /* PiliHTTPRequestHeaderFinalizer.swift */,
				C9FA15AA400AA5722B1D203E /* PiliFlutterHTTPRequestContextProvider.swift */,
				6FED43C9A9D81C1F710CE3BF /* PiliHTTPRequestContextBridgeCodec.swift */,
			);
			path = Accounts;
			sourceTree = "<group>";
		};
		1EABD6DB9DB9DF6EE109FB34 /* HTTP */ = {
			isa = PBXGroup;
			children = (
				F08C2CCC3104A978C5D076FF /* PiliPreparedHTTPRequestExecutor.swift */,
			);
			path = HTTP;
			sourceTree = "<group>";
		};
		FE21F5CEC6BA1C8F2B9F5A0D /* Auth */ = {
			isa = PBXGroup;
			children = (
				EA4DB28013F6CEA600E4B528 /* PiliWBIKeyProvider.swift */,
				3B675A2F6F5456C5D5B0EC55 /* PiliNativeSigner.swift */,
			);
			path = Auth;
			sourceTree = "<group>";
		};
		67B309F84ECF03BEBD325DB6 /* Persistence */ = {
			isa = PBXGroup;
			children = (
				AE571D00BC1FD9BF9ED08947 /* Accounts */,
			);
			path = Persistence;
			sourceTree = "<group>";
		};
		AE571D00BC1FD9BF9ED08947 /* Accounts */ = {
			isa = PBXGroup;
			children = (
				12F1F2B18C2AA05D548C69AF /* PiliAccountStagingStore.swift */,
				D42F8AA867A46A8C1630B757 /* PiliAccountSecretStore.swift */,
			);
			path = Accounts;
			sourceTree = "<group>";
		};
		AD3D38B47D9AD529507D5EA0 /* Login */ = {
			isa = PBXGroup;
			children = (
				DC231000E29C8E298D9FD9AF /* PiliLoginRepository.swift */,
			);
			path = Login;
			sourceTree = "<group>";
		};
		AEF3C1C25E6A86AE09BDC49A /* Login */ = {
			isa = PBXGroup;
			children = (
				7FB8A184F6F5D8ADB3B38C02 /* PiliFlutterLoginAccountAuthority.swift */,
				1A79082ECD7D2FE776CAFFC5 /* PiliLoginLogoutService.swift */,
				45149A0B16EBDB1AA9C6800A /* PiliLoginRSAEncryptor.swift */,
				47AAC82C9E88441D4256975B /* PiliNativeLoginRepository.swift */,
				1B9A2B33A48BB2F1E8D813F2 /* PiliLoginResponseDecoder.swift */,
				F5848E5964580028F4135A3C /* PiliLoginRequestBuilder.swift */,
			);
			path = Login;
			sourceTree = "<group>";
		};
		249F067C4BE62C26AC859AB2 /* Account */ = {
			isa = PBXGroup;
			children = (
				36F2E508F5504DA93AD450B2 /* Login */,
			);
			path = Account;
			sourceTree = "<group>";
		};
		36F2E508F5504DA93AD450B2 /* Login */ = {
			isa = PBXGroup;
			children = (
				1B11764BAE1A6570ED07DEF6 /* PiliGeetestWebSession.swift */,
				674D9B339C34E7BD2914A243 /* PiliLoginSession.swift */,
			);
			path = Login;
			sourceTree = "<group>";
		};
/* End PBXGroup section */

/* Begin PBXNativeTarget section */
		97C146ED1CF9000F007C117D /* Runner */ = {
			isa = PBXNativeTarget;
			buildConfigurationList = 97C147051CF9000F007C117D /* Build configuration list for PBXNativeTarget "Runner" */;
			buildPhases = (
				67CCBB29D5A20A144E2BDF7D /* [CP] Check Pods Manifest.lock */,
				9740EEB61CF901F6004384FC /* Run Script */,
				97C146EA1CF9000F007C117D /* Sources */,
				97C146EB1CF9000F007C117D /* Frameworks */,
				97C146EC1CF9000F007C117D /* Resources */,
				9705A1C41CF9048500538489 /* Embed Frameworks */,
				3B06AD1E1E4923F5004D2608 /* Thin Binary */,
				5A372F23F3CF0118D6526BAC /* [CP] Embed Pods Frameworks */,
				B78851E7B29A4C3961AC483C /* [CP] Copy Pods Resources */,
			);
			buildRules = (
			);
			dependencies = (
			);
			name = Runner;
			packageProductDependencies = (
				AE7E00000000000000000003 /* AetherEngine */,
				57DAA2A048946F1A27BFB802 /* PiliHTTPTransport */,
			);
			productName = Runner;
			productReference = 97C146EE1CF9000F007C117D /* Runner.app */;
			productType = "com.apple.product-type.application";
		};
/* End PBXNativeTarget section */

/* Begin PBXProject section */
		97C146E61CF9000F007C117D /* Project object */ = {
			isa = PBXProject;
			attributes = {
				LastUpgradeCheck = 1510;
				ORGANIZATIONNAME = "";
				TargetAttributes = {
					97C146ED1CF9000F007C117D = {
						CreatedOnToolsVersion = 7.3.1;
						LastSwiftMigration = 1100;
					};
				};
			};
			buildConfigurationList = 97C146E91CF9000F007C117D /* Build configuration list for PBXProject "Runner" */;
			compatibilityVersion = "Xcode 9.3";
			developmentRegion = en;
			hasScannedForEncodings = 0;
			knownRegions = (
				en,
				"zh-Hans",
				Base,
			);
			mainGroup = 97C146E51CF9000F007C117D;
			packageReferences = (
				AE7E00000000000000000002 /* XCLocalSwiftPackageReference "AetherEngine" */,
				63F09D320BCAEB1DA0CF1B22 /* XCLocalSwiftPackageReference "PiliHTTPTransport" */,
			);
			productRefGroup = 97C146EF1CF9000F007C117D /* Products */;
			projectDirPath = "";
			projectRoot = "";
			targets = (
				97C146ED1CF9000F007C117D /* Runner */,
			);
		};
/* End PBXProject section */

/* Begin PBXResourcesBuildPhase section */
		97C146EC1CF9000F007C117D /* Resources */ = {
			isa = PBXResourcesBuildPhase;
			buildActionMask = 2147483647;
			files = (
				97C147011CF9000F007C117D /* LaunchScreen.storyboard in Resources */,
				3B3967161E833CAA004F5970 /* AppFrameworkInfo.plist in Resources */,
				97C146FE1CF9000F007C117D /* Assets.xcassets in Resources */,
				97C146FC1CF9000F007C117D /* Main.storyboard in Resources */,
				C0D400000000000000000003 /* Localizable.strings in Resources */,
				C0D400000000000000000005 /* InfoPlist.strings in Resources */,
			);
			runOnlyForDeploymentPostprocessing = 0;
		};
/* End PBXResourcesBuildPhase section */

/* Begin PBXShellScriptBuildPhase section */
		3B06AD1E1E4923F5004D2608 /* Thin Binary */ = {
			isa = PBXShellScriptBuildPhase;
			alwaysOutOfDate = 1;
			buildActionMask = 2147483647;
			files = (
			);
			inputPaths = (
				"${TARGET_BUILD_DIR}/${INFOPLIST_PATH}",
			);
			name = "Thin Binary";
			outputPaths = (
			);
			runOnlyForDeploymentPostprocessing = 0;
			shellPath = /bin/sh;
			shellScript = "/bin/sh \"$FLUTTER_ROOT/packages/flutter_tools/bin/xcode_backend.sh\" embed_and_thin";
		};
		5A372F23F3CF0118D6526BAC /* [CP] Embed Pods Frameworks */ = {
			isa = PBXShellScriptBuildPhase;
			buildActionMask = 2147483647;
			files = (
			);
			inputFileListPaths = (
				"${PODS_ROOT}/Target Support Files/Pods-Runner/Pods-Runner-frameworks-${CONFIGURATION}-input-files.xcfilelist",
			);
			name = "[CP] Embed Pods Frameworks";
			outputFileListPaths = (
				"${PODS_ROOT}/Target Support Files/Pods-Runner/Pods-Runner-frameworks-${CONFIGURATION}-output-files.xcfilelist",
			);
			runOnlyForDeploymentPostprocessing = 0;
			shellPath = /bin/sh;
			shellScript = "\"${PODS_ROOT}/Target Support Files/Pods-Runner/Pods-Runner-frameworks.sh\"\n";
			showEnvVarsInLog = 0;
		};
		67CCBB29D5A20A144E2BDF7D /* [CP] Check Pods Manifest.lock */ = {
			isa = PBXShellScriptBuildPhase;
			buildActionMask = 2147483647;
			files = (
			);
			inputFileListPaths = (
			);
			inputPaths = (
				"${PODS_PODFILE_DIR_PATH}/Podfile.lock",
				"${PODS_ROOT}/Manifest.lock",
			);
			name = "[CP] Check Pods Manifest.lock";
			outputFileListPaths = (
			);
			outputPaths = (
				"$(DERIVED_FILE_DIR)/Pods-Runner-checkManifestLockResult.txt",
			);
			runOnlyForDeploymentPostprocessing = 0;
			shellPath = /bin/sh;
			shellScript = "diff \"${PODS_PODFILE_DIR_PATH}/Podfile.lock\" \"${PODS_ROOT}/Manifest.lock\" > /dev/null\nif [ $? != 0 ] ; then\n    # print error to STDERR\n    echo \"error: The sandbox is not in sync with the Podfile.lock. Run 'pod install' or update your CocoaPods installation.\" >&2\n    exit 1\nfi\n# This output is used by Xcode 'outputs' to avoid re-running this script phase.\necho \"SUCCESS\" > \"${SCRIPT_OUTPUT_FILE_0}\"\n";
			showEnvVarsInLog = 0;
		};
		9740EEB61CF901F6004384FC /* Run Script */ = {
			isa = PBXShellScriptBuildPhase;
			alwaysOutOfDate = 1;
			buildActionMask = 2147483647;
			files = (
			);
			inputPaths = (
			);
			name = "Run Script";
			outputPaths = (
			);
			runOnlyForDeploymentPostprocessing = 0;
			shellPath = /bin/sh;
			shellScript = "/bin/sh \"$FLUTTER_ROOT/packages/flutter_tools/bin/xcode_backend.sh\" build";
		};
		B78851E7B29A4C3961AC483C /* [CP] Copy Pods Resources */ = {
			isa = PBXShellScriptBuildPhase;
			buildActionMask = 2147483647;
			files = (
			);
			inputFileListPaths = (
				"${PODS_ROOT}/Target Support Files/Pods-Runner/Pods-Runner-resources-${CONFIGURATION}-input-files.xcfilelist",
			);
			name = "[CP] Copy Pods Resources";
			outputFileListPaths = (
				"${PODS_ROOT}/Target Support Files/Pods-Runner/Pods-Runner-resources-${CONFIGURATION}-output-files.xcfilelist",
			);
			runOnlyForDeploymentPostprocessing = 0;
			shellPath = /bin/sh;
			shellScript = "\"${PODS_ROOT}/Target Support Files/Pods-Runner/Pods-Runner-resources.sh\"\n";
			showEnvVarsInLog = 0;
		};
/* End PBXShellScriptBuildPhase section */

/* Begin PBXSourcesBuildPhase section */
		97C146EA1CF9000F007C117D /* Sources */ = {
			isa = PBXSourcesBuildPhase;
			buildActionMask = 2147483647;
			files = (
				46EC3D089DAE46AA88E9335D /* PiliGeetestWebSession.swift in Sources */,
				33982DD3F5CBECA4B989D39D /* PiliLoginSession.swift in Sources */,
				558186E34EE0F7CBE93DBFBF /* PiliFlutterLoginAccountAuthority.swift in Sources */,
				485A3A0A3644CCB4CB6655D8 /* PiliLoginLogoutService.swift in Sources */,
				DF8FE916C94415EEBAB987F5 /* PiliLoginRSAEncryptor.swift in Sources */,
				A0BDE5A2FC437531B21203D1 /* PiliNativeLoginRepository.swift in Sources */,
				9DB122A7CCAEEED17F511DF0 /* PiliLoginResponseDecoder.swift in Sources */,
				D2633E10F8AADF6722FE3034 /* PiliLoginRequestBuilder.swift in Sources */,
				DCAA2748FC9434D8C69A10B7 /* PiliLoginRepository.swift in Sources */,
				6BDC5839037D127C4A41C113 /* PiliAccountStagingStore.swift in Sources */,
				ECEE5CEF1D88BA5AE13322A3 /* PiliAccountSecretStore.swift in Sources */,
				F1387E7B86E2FCAEBABBB5F0 /* PiliAccountStagingBridgeCodec.swift in Sources */,
				2A25326AF9CAC9DB0D556161 /* PiliAccountFlutterRepository.swift in Sources */,
				0A22E1A436618D14ECB7D6E5 /* PiliAccountSnapshotBridgeCodec.swift in Sources */,
				70F0FC420834BF5387E5958C /* PiliAccountRepository.swift in Sources */,
				26D0B01CC5781A76CCE83361 /* PiliWBIKeyProvider.swift in Sources */,
				B2007F7337610B1A1A4BC170 /* PiliNativeSigner.swift in Sources */,
				0B215615A50D1A502CEE1D27 /* PiliRawHTTPClient.swift in Sources */,
				0F9D5D62ADEC8C333152CEE3 /* PiliPreparedHTTPRequestExecutor.swift in Sources */,
				ED998B24B0EB7594B34C28EC /* PiliHTTPPolicyCapability.swift in Sources */,
				2F018D6E62AF809D1FC05FF4 /* PiliHTTPRequestHeaderFinalizer.swift in Sources */,
				B540614F81281E429449648A /* PiliURLSessionHTTPTransfer.swift in Sources */,
				1CCAF0391ADB607CFD70E814 /* PiliPreparedHTTPPolicy.swift in Sources */,
				8A6F6F41731FB1CF1EC22947 /* PiliPreparedHTTPPolicyCodec.swift in Sources */,
				1523A39A01ADA1F6FD86A926 /* PiliHTTPRequestContext.swift in Sources */,
				6140EA516800620689E5582D /* PiliFlutterHTTPRequestContextProvider.swift in Sources */,
				1049E40EB60E9CF6E011597B /* PiliHTTPRequestContextBridgeCodec.swift in Sources */,
				FAA9C9A1E69D5D3ED7DD0164 /* PiliBridgeLeaseFinalizer.swift in Sources */,
				74858FAF1ED2DC5600515810 /* AppDelegate.swift in Sources */,
				A6C2F8E92FCB1A0000C0D3E1 /* SceneDelegate.swift in Sources */,
				C0D400000000000000000002 /* PiliNativeLocalization.swift in Sources */,
				C71E4B775053220BBFDC52B9 /* PiliNativeDiagnosticLog.swift in Sources */,
				E5E77A67F6531859AFAD1896 /* PiliNativeHTTPRangeReader.swift in Sources */,
				458A455BEC2F39EA1EFC4F38 /* PiliNativeFlutterPlayerSurface.swift in Sources */,
				6D611A5A436A97449E00BDE1 /* PiliNativeDesign.swift in Sources */,
				5EE80F7077935D8868AB87F2 /* PiliNativePageChrome.swift in Sources */,
				2DD4646E64627DDDE3DE6F23 /* PiliNativeFormChrome.swift in Sources */,
				3D82EC9ADE5F7972C6940DBD /* PiliNativePanelChrome.swift in Sources */,
				4D20EF43DAF254A6A822EB2F /* View+PiliChrome.swift in Sources */,
				040A84D7CB4BCB3ABDA15A7F /* PiliBridgeValues.swift in Sources */,
				3F5B65E4CA87B8090F2D9DF6 /* PiliNativeVideo.swift in Sources */,
				9499F3ABF6F0F7A69B525186 /* PiliVideoTransitionSource.swift in Sources */,
				57A17206762F5C64EB4E5666 /* PiliNativeSearchView.swift in Sources */,
				620298626231A8895C9B8B8E /* PiliNativeLoadingView.swift in Sources */,
				AE06323AF14C207EAE90D276 /* PiliNativeErrorView.swift in Sources */,
				A766855DD076D65FB77CA9AD /* PiliRemoteImage.swift in Sources */,
				02AD4F49447B46B46B3114FC /* PiliNativeSearchViewState.swift in Sources */,
				8DBA8EAA2BA66A14E16572CE /* PiliBridgeValue.swift in Sources */,
				D7158898A6D2B20371F765E0 /* PiliBridgeMethodInvoker.swift in Sources */,
				5ABF2F3DE55D5414FE255ADC /* PiliFlutterMethodTransport.swift in Sources */,
				F6B8A25D5C0F042031679891 /* PiliSearchRepository.swift in Sources */,
				27F43E30F31E07BC9E6F2AB2 /* PiliFlutterSearchRepository.swift in Sources */,
				7AC69F7CAF683449ED96B8A2 /* PiliNativeSearchModel.swift in Sources */,
				2A16612D7576B9BE2ADFEBBB /* PiliHTTPClient.swift in Sources */,
				7F2E70768E0EE8D586C63F3F /* PiliURLSessionHTTPClient.swift in Sources */,
				CCDF6F72B527EE3B6E579D1B /* PiliNativeSearchTrendingService.swift in Sources */,
				B32946FCFD92179A98FF98F8 /* PiliSearchTrendingDecoder.swift in Sources */,
				C0D200000000000000000002 /* PiliNativeRootViewController.swift in Sources */,
				C0D300000000000000000002 /* PiliNativePlayer.swift in Sources */,
				C0D100000000000000000003 /* PiliNativeContainerViewController.m in Sources */,
				1498D2341E8E89220040F4C2 /* GeneratedPluginRegistrant.m in Sources */,
			);
			runOnlyForDeploymentPostprocessing = 0;
		};
/* End PBXSourcesBuildPhase section */

/* Begin PBXVariantGroup section */
		97C146FA1CF9000F007C117D /* Main.storyboard */ = {
			isa = PBXVariantGroup;
			children = (
				97C146FB1CF9000F007C117D /* Base */,
			);
			name = Main.storyboard;
			sourceTree = "<group>";
		};
		97C146FF1CF9000F007C117D /* LaunchScreen.storyboard */ = {
			isa = PBXVariantGroup;
			children = (
				97C147001CF9000F007C117D /* Base */,
			);
			name = LaunchScreen.storyboard;
			sourceTree = "<group>";
		};
		C0D400000000000000000004 /* Localizable.strings */ = {
			isa = PBXVariantGroup;
			children = (
				C0D400000000000000000007 /* en */,
				C0D400000000000000000009 /* zh-Hans */,
			);
			name = Localizable.strings;
			sourceTree = "<group>";
		};
		C0D400000000000000000006 /* InfoPlist.strings */ = {
			isa = PBXVariantGroup;
			children = (
				C0D400000000000000000008 /* en */,
				C0D40000000000000000000A /* zh-Hans */,
			);
			name = InfoPlist.strings;
			sourceTree = "<group>";
		};
/* End PBXVariantGroup section */

/* Begin XCBuildConfiguration section */
		249021D3217E4FDB00AE95B9 /* Profile */ = {
			isa = XCBuildConfiguration;
			buildSettings = {
				ALWAYS_SEARCH_USER_PATHS = NO;
				CLANG_ANALYZER_NONNULL = YES;
				CLANG_CXX_LANGUAGE_STANDARD = "gnu++0x";
				CLANG_CXX_LIBRARY = "libc++";
				CLANG_ENABLE_MODULES = YES;
				CLANG_ENABLE_OBJC_ARC = YES;
				CLANG_WARN_BLOCK_CAPTURE_AUTORELEASING = YES;
				CLANG_WARN_BOOL_CONVERSION = YES;
				CLANG_WARN_COMMA = YES;
				CLANG_WARN_CONSTANT_CONVERSION = YES;
				CLANG_WARN_DEPRECATED_OBJC_IMPLEMENTATIONS = YES;
				CLANG_WARN_DIRECT_OBJC_ISA_USAGE = YES_ERROR;
				CLANG_WARN_EMPTY_BODY = YES;
				CLANG_WARN_ENUM_CONVERSION = YES;
				CLANG_WARN_INFINITE_RECURSION = YES;
				CLANG_WARN_INT_CONVERSION = YES;
				CLANG_WARN_NON_LITERAL_NULL_CONVERSION = YES;
				CLANG_WARN_OBJC_IMPLICIT_RETAIN_SELF = YES;
				CLANG_WARN_OBJC_LITERAL_CONVERSION = YES;
				CLANG_WARN_OBJC_ROOT_CLASS = YES_ERROR;
				CLANG_WARN_RANGE_LOOP_ANALYSIS = YES;
				CLANG_WARN_STRICT_PROTOTYPES = YES;
				CLANG_WARN_SUSPICIOUS_MOVE = YES;
				CLANG_WARN_UNREACHABLE_CODE = YES;
				CLANG_WARN__DUPLICATE_METHOD_MATCH = YES;
				"CODE_SIGN_IDENTITY[sdk=iphoneos*]" = "iPhone Developer";
				COPY_PHASE_STRIP = NO;
				DEBUG_INFORMATION_FORMAT = "dwarf-with-dsym";
				ENABLE_NS_ASSERTIONS = NO;
				ENABLE_STRICT_OBJC_MSGSEND = YES;
				GCC_C_LANGUAGE_STANDARD = gnu99;
				GCC_NO_COMMON_BLOCKS = YES;
				GCC_WARN_64_TO_32_BIT_CONVERSION = YES;
				GCC_WARN_ABOUT_RETURN_TYPE = YES_ERROR;
				GCC_WARN_UNDECLARED_SELECTOR = YES;
				GCC_WARN_UNINITIALIZED_AUTOS = YES_AGGRESSIVE;
				GCC_WARN_UNUSED_FUNCTION = YES;
				GCC_WARN_UNUSED_VARIABLE = YES;
				IPHONEOS_DEPLOYMENT_TARGET = 16.0;
				MTL_ENABLE_DEBUG_INFO = NO;
				SDKROOT = iphoneos;
				SUPPORTED_PLATFORMS = iphoneos;
				TARGETED_DEVICE_FAMILY = "1,2";
				VALIDATE_PRODUCT = YES;
			};
			name = Profile;
		};
		249021D4217E4FDB00AE95B9 /* Profile */ = {
			isa = XCBuildConfiguration;
			baseConfigurationReference = 7AFA3C8E1D35360C0083082E /* Release.xcconfig */;
			buildSettings = {
				ASSETCATALOG_COMPILER_APPICON_NAME = AppIcon;
				CLANG_ENABLE_MODULES = YES;
				CURRENT_PROJECT_VERSION = "$(FLUTTER_BUILD_NUMBER)";
				DEVELOPMENT_TEAM = "";
				ENABLE_BITCODE = NO;
				INFOPLIST_FILE = Runner/Info.plist;
				LD_RUNPATH_SEARCH_PATHS = (
					"$(inherited)",
					"@executable_path/Frameworks",
				);
				OTHER_LDFLAGS = (
					"-framework",
					Libavcodec,
					"-framework",
					Libavformat,
					"-framework",
					Libavutil,
					"-framework",
					Libswresample,
					"-framework",
					Libswscale,
					"-framework",
					Libavfilter,
					"-framework",
					Libdav1d,
					"-framework",
					Libzimg,
					"-framework",
					Libzvbi,
					"$(inherited)",
				);
				PRODUCT_BUNDLE_IDENTIFIER = com.example.piliplus;
				PRODUCT_NAME = "$(TARGET_NAME)";
				SWIFT_OBJC_BRIDGING_HEADER = "Runner/Runner-Bridging-Header.h";
				SWIFT_VERSION = 5.0;
				VERSIONING_SYSTEM = "apple-generic";
			};
			name = Profile;
		};
		97C147031CF9000F007C117D /* Debug */ = {
			isa = XCBuildConfiguration;
			buildSettings = {
				ALWAYS_SEARCH_USER_PATHS = NO;
				CLANG_ANALYZER_NONNULL = YES;
				CLANG_CXX_LANGUAGE_STANDARD = "gnu++0x";
				CLANG_CXX_LIBRARY = "libc++";
				CLANG_ENABLE_MODULES = YES;
				CLANG_ENABLE_OBJC_ARC = YES;
				CLANG_WARN_BLOCK_CAPTURE_AUTORELEASING = YES;
				CLANG_WARN_BOOL_CONVERSION = YES;
				CLANG_WARN_COMMA = YES;
				CLANG_WARN_CONSTANT_CONVERSION = YES;
				CLANG_WARN_DEPRECATED_OBJC_IMPLEMENTATIONS = YES;
				CLANG_WARN_DIRECT_OBJC_ISA_USAGE = YES_ERROR;
				CLANG_WARN_EMPTY_BODY = YES;
				CLANG_WARN_ENUM_CONVERSION = YES;
				CLANG_WARN_INFINITE_RECURSION = YES;
				CLANG_WARN_INT_CONVERSION = YES;
				CLANG_WARN_NON_LITERAL_NULL_CONVERSION = YES;
				CLANG_WARN_OBJC_IMPLICIT_RETAIN_SELF = YES;
				CLANG_WARN_OBJC_LITERAL_CONVERSION = YES;
				CLANG_WARN_OBJC_ROOT_CLASS = YES_ERROR;
				CLANG_WARN_RANGE_LOOP_ANALYSIS = YES;
				CLANG_WARN_STRICT_PROTOTYPES = YES;
				CLANG_WARN_SUSPICIOUS_MOVE = YES;
				CLANG_WARN_UNREACHABLE_CODE = YES;
				CLANG_WARN__DUPLICATE_METHOD_MATCH = YES;
				"CODE_SIGN_IDENTITY[sdk=iphoneos*]" = "iPhone Developer";
				COPY_PHASE_STRIP = NO;
				DEBUG_INFORMATION_FORMAT = dwarf;
				ENABLE_STRICT_OBJC_MSGSEND = YES;
				ENABLE_TESTABILITY = YES;
				GCC_C_LANGUAGE_STANDARD = gnu99;
				GCC_DYNAMIC_NO_PIC = NO;
				GCC_NO_COMMON_BLOCKS = YES;
				GCC_OPTIMIZATION_LEVEL = 0;
				GCC_PREPROCESSOR_DEFINITIONS = (
					"DEBUG=1",
					"$(inherited)",
				);
				GCC_WARN_64_TO_32_BIT_CONVERSION = YES;
				GCC_WARN_ABOUT_RETURN_TYPE = YES_ERROR;
				GCC_WARN_UNDECLARED_SELECTOR = YES;
				GCC_WARN_UNINITIALIZED_AUTOS = YES_AGGRESSIVE;
				GCC_WARN_UNUSED_FUNCTION = YES;
				GCC_WARN_UNUSED_VARIABLE = YES;
				IPHONEOS_DEPLOYMENT_TARGET = 16.0;
				MTL_ENABLE_DEBUG_INFO = YES;
				ONLY_ACTIVE_ARCH = YES;
				SDKROOT = iphoneos;
				TARGETED_DEVICE_FAMILY = "1,2";
			};
			name = Debug;
		};
		97C147041CF9000F007C117D /* Release */ = {
			isa = XCBuildConfiguration;
			buildSettings = {
				ALWAYS_SEARCH_USER_PATHS = NO;
				CLANG_ANALYZER_NONNULL = YES;
				CLANG_CXX_LANGUAGE_STANDARD = "gnu++0x";
				CLANG_CXX_LIBRARY = "libc++";
				CLANG_ENABLE_MODULES = YES;
				CLANG_ENABLE_OBJC_ARC = YES;
				CLANG_WARN_BLOCK_CAPTURE_AUTORELEASING = YES;
				CLANG_WARN_BOOL_CONVERSION = YES;
				CLANG_WARN_COMMA = YES;
				CLANG_WARN_CONSTANT_CONVERSION = YES;
				CLANG_WARN_DEPRECATED_OBJC_IMPLEMENTATIONS = YES;
				CLANG_WARN_DIRECT_OBJC_ISA_USAGE = YES_ERROR;
				CLANG_WARN_EMPTY_BODY = YES;
				CLANG_WARN_ENUM_CONVERSION = YES;
				CLANG_WARN_INFINITE_RECURSION = YES;
				CLANG_WARN_INT_CONVERSION = YES;
				CLANG_WARN_NON_LITERAL_NULL_CONVERSION = YES;
				CLANG_WARN_OBJC_IMPLICIT_RETAIN_SELF = YES;
				CLANG_WARN_OBJC_LITERAL_CONVERSION = YES;
				CLANG_WARN_OBJC_ROOT_CLASS = YES_ERROR;
				CLANG_WARN_RANGE_LOOP_ANALYSIS = YES;
				CLANG_WARN_STRICT_PROTOTYPES = YES;
				CLANG_WARN_SUSPICIOUS_MOVE = YES;
				CLANG_WARN_UNREACHABLE_CODE = YES;
				CLANG_WARN__DUPLICATE_METHOD_MATCH = YES;
				"CODE_SIGN_IDENTITY[sdk=iphoneos*]" = "iPhone Developer";
				COPY_PHASE_STRIP = NO;
				DEBUG_INFORMATION_FORMAT = "dwarf-with-dsym";
				ENABLE_NS_ASSERTIONS = NO;
				ENABLE_STRICT_OBJC_MSGSEND = YES;
				GCC_C_LANGUAGE_STANDARD = gnu99;
				GCC_NO_COMMON_BLOCKS = YES;
				GCC_WARN_64_TO_32_BIT_CONVERSION = YES;
				GCC_WARN_ABOUT_RETURN_TYPE = YES_ERROR;
				GCC_WARN_UNDECLARED_SELECTOR = YES;
				GCC_WARN_UNINITIALIZED_AUTOS = YES_AGGRESSIVE;
				GCC_WARN_UNUSED_FUNCTION = YES;
				GCC_WARN_UNUSED_VARIABLE = YES;
				IPHONEOS_DEPLOYMENT_TARGET = 16.0;
				MTL_ENABLE_DEBUG_INFO = NO;
				SDKROOT = iphoneos;
				SUPPORTED_PLATFORMS = iphoneos;
				SWIFT_COMPILATION_MODE = wholemodule;
				SWIFT_OPTIMIZATION_LEVEL = "-O";
				TARGETED_DEVICE_FAMILY = "1,2";
				VALIDATE_PRODUCT = YES;
			};
			name = Release;
		};
		97C147061CF9000F007C117D /* Debug */ = {
			isa = XCBuildConfiguration;
			baseConfigurationReference = 9740EEB21CF90195004384FC /* Debug.xcconfig */;
			buildSettings = {
				ASSETCATALOG_COMPILER_APPICON_NAME = AppIcon;
				CLANG_ENABLE_MODULES = YES;
				CURRENT_PROJECT_VERSION = "$(FLUTTER_BUILD_NUMBER)";
				DEVELOPMENT_TEAM = "";
				ENABLE_BITCODE = NO;
				INFOPLIST_FILE = Runner/Info.plist;
				LD_RUNPATH_SEARCH_PATHS = (
					"$(inherited)",
					"@executable_path/Frameworks",
				);
				OTHER_LDFLAGS = (
					"-framework",
					Libavcodec,
					"-framework",
					Libavformat,
					"-framework",
					Libavutil,
					"-framework",
					Libswresample,
					"-framework",
					Libswscale,
					"-framework",
					Libavfilter,
					"-framework",
					Libdav1d,
					"-framework",
					Libzimg,
					"-framework",
					Libzvbi,
					"$(inherited)",
				);
				PRODUCT_BUNDLE_IDENTIFIER = com.example.piliplus;
				PRODUCT_NAME = "$(TARGET_NAME)";
				SWIFT_OBJC_BRIDGING_HEADER = "Runner/Runner-Bridging-Header.h";
				SWIFT_OPTIMIZATION_LEVEL = "-Onone";
				SWIFT_VERSION = 5.0;
				VERSIONING_SYSTEM = "apple-generic";
			};
			name = Debug;
		};
		97C147071CF9000F007C117D /* Release */ = {
			isa = XCBuildConfiguration;
			baseConfigurationReference = 7AFA3C8E1D35360C0083082E /* Release.xcconfig */;
			buildSettings = {
				ASSETCATALOG_COMPILER_APPICON_NAME = AppIcon;
				CLANG_ENABLE_MODULES = YES;
				CURRENT_PROJECT_VERSION = "$(FLUTTER_BUILD_NUMBER)";
				DEVELOPMENT_TEAM = "";
				ENABLE_BITCODE = NO;
				INFOPLIST_FILE = Runner/Info.plist;
				LD_RUNPATH_SEARCH_PATHS = (
					"$(inherited)",
					"@executable_path/Frameworks",
				);
				OTHER_LDFLAGS = (
					"-framework",
					Libavcodec,
					"-framework",
					Libavformat,
					"-framework",
					Libavutil,
					"-framework",
					Libswresample,
					"-framework",
					Libswscale,
					"-framework",
					Libavfilter,
					"-framework",
					Libdav1d,
					"-framework",
					Libzimg,
					"-framework",
					Libzvbi,
					"$(inherited)",
				);
				PRODUCT_BUNDLE_IDENTIFIER = com.example.piliplus;
				PRODUCT_NAME = "$(TARGET_NAME)";
				SWIFT_OBJC_BRIDGING_HEADER = "Runner/Runner-Bridging-Header.h";
				SWIFT_VERSION = 5.0;
				VERSIONING_SYSTEM = "apple-generic";
			};
			name = Release;
		};
/* End XCBuildConfiguration section */

/* Begin XCConfigurationList section */
		97C146E91CF9000F007C117D /* Build configuration list for PBXProject "Runner" */ = {
			isa = XCConfigurationList;
			buildConfigurations = (
				97C147031CF9000F007C117D /* Debug */,
				97C147041CF9000F007C117D /* Release */,
				249021D3217E4FDB00AE95B9 /* Profile */,
			);
			defaultConfigurationIsVisible = 0;
			defaultConfigurationName = Release;
		};
		97C147051CF9000F007C117D /* Build configuration list for PBXNativeTarget "Runner" */ = {
			isa = XCConfigurationList;
			buildConfigurations = (
				97C147061CF9000F007C117D /* Debug */,
				97C147071CF9000F007C117D /* Release */,
				249021D4217E4FDB00AE95B9 /* Profile */,
			);
			defaultConfigurationIsVisible = 0;
			defaultConfigurationName = Release;
		};
/* End XCConfigurationList section */

/* Begin XCLocalSwiftPackageReference section */
		AE7E00000000000000000002 /* XCLocalSwiftPackageReference "AetherEngine" */ = {
			isa = XCLocalSwiftPackageReference;
			relativePath = "../Packages/AetherEngine";
		};
		63F09D320BCAEB1DA0CF1B22 /* XCLocalSwiftPackageReference "PiliHTTPTransport" */ = {
			isa = XCLocalSwiftPackageReference;
			relativePath = "../Packages/PiliHTTPTransport";
		};
/* End XCLocalSwiftPackageReference section */

/* Begin XCSwiftPackageProductDependency section */
		AE7E00000000000000000003 /* AetherEngine */ = {
			isa = XCSwiftPackageProductDependency;
			package = AE7E00000000000000000002 /* XCLocalSwiftPackageReference "AetherEngine" */;
			productName = AetherEngine;
		};
		57DAA2A048946F1A27BFB802 /* PiliHTTPTransport */ = {
			isa = XCSwiftPackageProductDependency;
			package = 63F09D320BCAEB1DA0CF1B22 /* XCLocalSwiftPackageReference "PiliHTTPTransport" */;
			productName = PiliHTTPTransport;
		};
/* End XCSwiftPackageProductDependency section */
	};
	rootObject = 97C146E61CF9000F007C117D /* Project object */;
}
